{
  "name": "digital-twin-router",
  "version": "1.0.0",
  "lockfileVersion": 3,
  "requires": true,
  "packages": {
    "": {
      "name": "digital-twin-router",
      "version": "1.0.0",
      "license": "MIT",
      "dependencies": {
        "digital-twin-core": "file:../digital-twin-core"
      }
    },
    "../digital-twin-core": {
      "version": "1.0.0",
      "license": "MIT",
      "dependencies": {
        "yargs": "^18.0.0"
      },
      "bin": {
        "dtwin": "bin/cli.js"
      }
    },
    "node_modules/digital-twin-core": {
      "resolved": "../digital-twin-core",
      "link": true
    }
  }
}
